
Microsoft Visual Studio Solution File, Format Version 12.00
# Visual Studio Version 16
VisualStudioVersion = 16.0.31613.86
MinimumVisualStudioVersion = 10.0.40219.1
Project("{FAE04EC0-301F-11D3-BF4B-00C04F79EFBC}") = "Utils", "Utils\Utils.csproj", "{E58F3137-C5F9-4F3D-9B14-F4640083E900}"
EndProject
Project("{FAE04EC0-301F-11D3-BF4B-00C04F79EFBC}") = "TaskMenu", "TaskMenu\TaskMenu.csproj", "{A9BAB900-2B10-4791-B683-F16BD758CB45}"
EndProject
Project("{FAE04EC0-301F-11D3-BF4B-00C04F79EFBC}") = "2dArrayLib", "2dArrayLib\2dArrayLib.csproj", "{F99B9820-4E32-4B0D-9BAD-F160E24CD9C4}"
EndProject
Project("{FAE04EC0-301F-11D3-BF4B-00C04F79EFBC}") = "2dArrayApp", "2dArrayApp\2dArrayApp.csproj", "{08142FC8-A777-4DE1-88D0-9925E7C2D8CE}"
EndProject
Project("{FAE04EC0-301F-11D3-BF4B-00C04F79EFBC}") = "FindAndPrintPair", "FindAndPrintPair\FindAndPrintPair.csproj", "{BB026AF3-4A0E-445B-8F3F-B6594CEA5D50}"
EndProject
Global
	GlobalSection(SolutionConfigurationPlatforms) = preSolution
		Debug|Any CPU = Debug|Any CPU
		Release|Any CPU = Release|Any CPU
	EndGlobalSection
	GlobalSection(ProjectConfigurationPlatforms) = postSolution
		{E58F3137-C5F9-4F3D-9B14-F4640083E900}.Debug|Any CPU.ActiveCfg = Debug|Any CPU
		{E58F3137-C5F9-4F3D-9B14-F4640083E900}.Debug|Any CPU.Build.0 = Debug|Any CPU
		{E58F3137-C5F9-4F3D-9B14-F4640083E900}.Release|Any CPU.ActiveCfg = Release|Any CPU
		{E58F3137-C5F9-4F3D-9B14-F4640083E900}.Release|Any CPU.Build.0 = Release|Any CPU
		{A9BAB900-2B10-4791-B683-F16BD758CB45}.Debug|Any CPU.ActiveCfg = Debug|Any CPU
		{A9BAB900-2B10-4791-B683-F16BD758CB45}.Debug|Any CPU.Build.0 = Debug|Any CPU
		{A9BAB900-2B10-4791-B683-F16BD758CB45}.Release|Any CPU.ActiveCfg = Release|Any CPU
		{A9BAB900-2B10-4791-B683-F16BD758CB45}.Release|Any CPU.Build.0 = Release|Any CPU
		{F99B9820-4E32-4B0D-9BAD-F160E24CD9C4}.Debug|Any CPU.ActiveCfg = Debug|Any CPU
		{F99B9820-4E32-4B0D-9BAD-F160E24CD9C4}.Debug|Any CPU.Build.0 = Debug|Any CPU
		{F99B9820-4E32-4B0D-9BAD-F160E24CD9C4}.Release|Any CPU.ActiveCfg = Release|Any CPU
		{F99B9820-4E32-4B0D-9BAD-F160E24CD9C4}.Release|Any CPU.Build.0 = Release|Any CPU
		{08142FC8-A777-4DE1-88D0-9925E7C2D8CE}.Debug|Any CPU.ActiveCfg = Debug|Any CPU
		{08142FC8-A777-4DE1-88D0-9925E7C2D8CE}.Debug|Any CPU.Build.0 = Debug|Any CPU
		{08142FC8-A777-4DE1-88D0-9925E7C2D8CE}.Release|Any CPU.ActiveCfg = Release|Any CPU
		{08142FC8-A777-4DE1-88D0-9925E7C2D8CE}.Release|Any CPU.Build.0 = Release|Any CPU
		{BB026AF3-4A0E-445B-8F3F-B6594CEA5D50}.Debug|Any CPU.ActiveCfg = Debug|Any CPU
		{BB026AF3-4A0E-445B-8F3F-B6594CEA5D50}.Debug|Any CPU.Build.0 = Debug|Any CPU
		{BB026AF3-4A0E-445B-8F3F-B6594CEA5D50}.Release|Any CPU.ActiveCfg = Release|Any CPU
		{BB026AF3-4A0E-445B-8F3F-B6594CEA5D50}.Release|Any CPU.Build.0 = Release|Any CPU
	EndGlobalSection
	GlobalSection(SolutionProperties) = preSolution
		HideSolutionNode = FALSE
	EndGlobalSection
	GlobalSection(ExtensibilityGlobals) = postSolution
		SolutionGuid = {B96E02BA-1C28-4548-9C78-ACF623CCDED5}
	EndGlobalSection
EndGlobal
