
Microsoft Visual Studio Solution File, Format Version 12.00
# Visual Studio Version 16
VisualStudioVersion = 16.0.31613.86
MinimumVisualStudioVersion = 10.0.40219.1
Project("{FAE04EC0-301F-11D3-BF4B-00C04F79EFBC}") = "Swap", "Swap\Swap.csproj", "{EF002805-23AA-4B70-8735-07260702ACE9}"
EndProject
Global
	GlobalSection(SolutionConfigurationPlatforms) = preSolution
		Debug|Any CPU = Debug|Any CPU
		Release|Any CPU = Release|Any CPU
	EndGlobalSection
	GlobalSection(ProjectConfigurationPlatforms) = postSolution
		{EF002805-23AA-4B70-8735-07260702ACE9}.Debug|Any CPU.ActiveCfg = Debug|Any CPU
		{EF002805-23AA-4B70-8735-07260702ACE9}.Debug|Any CPU.Build.0 = Debug|Any CPU
		{EF002805-23AA-4B70-8735-07260702ACE9}.Release|Any CPU.ActiveCfg = Release|Any CPU
		{EF002805-23AA-4B70-8735-07260702ACE9}.Release|Any CPU.Build.0 = Release|Any CPU
	EndGlobalSection
	GlobalSection(SolutionProperties) = preSolution
		HideSolutionNode = FALSE
	EndGlobalSection
	GlobalSection(ExtensibilityGlobals) = postSolution
		SolutionGuid = {AC4A8D6F-F50B-4BDF-8E21-9B26421FF4F7}
	EndGlobalSection
EndGlobal
